
Microsoft Visual Studio Solution File, Format Version 12.00
# Visual Studio Version 16
VisualStudioVersion = 16.0.30223.230
MinimumVisualStudioVersion = 10.0.40219.1
Project("{9A19103F-16F7-4668-BE54-9A1E7A4F7556}") = "Deep.Extensions.WebSockets", "src\Deep.Extensions.WebSockets.csproj", "{C25EB41E-4B7F-4BE5-A094-03472145CB3C}"
EndProject
Global
	GlobalSection(SolutionConfigurationPlatforms) = preSolution
		Debug|Any CPU = Debug|Any CPU
		Release|Any CPU = Release|Any CPU
	EndGlobalSection
	GlobalSection(ProjectConfigurationPlatforms) = postSolution
		{C25EB41E-4B7F-4BE5-A094-03472145CB3C}.Debug|Any CPU.ActiveCfg = Debug|Any CPU
		{C25EB41E-4B7F-4BE5-A094-03472145CB3C}.Debug|Any CPU.Build.0 = Debug|Any CPU
		{C25EB41E-4B7F-4BE5-A094-03472145CB3C}.Release|Any CPU.ActiveCfg = Release|Any CPU
		{C25EB41E-4B7F-4BE5-A094-03472145CB3C}.Release|Any CPU.Build.0 = Release|Any CPU
	EndGlobalSection
	GlobalSection(SolutionProperties) = preSolution
		HideSolutionNode = FALSE
	EndGlobalSection
	GlobalSection(ExtensibilityGlobals) = postSolution
		SolutionGuid = {B2073C2C-0FD3-452B-8047-8134D68E12CE}
	EndGlobalSection
EndGlobal
